{
  "nodes": {
    "nixpkgs": {
      "locked": {
        "lastModified": 1614815769,
        "narHash": "sha256-Rdy37Ioof5FlMlc+YC9PniSIJW/EsdImG+wZPP5VWvo=",
        "owner": "NixOS",
        "repo": "nixpkgs",
        "rev": "d496205cf22c3079461d868ea3198d42ded59287",
        "type": "github"
      },
      "original": {
        "owner": "NixOS",
        "ref": "nixos-unstable",
        "repo": "nixpkgs",
        "type": "github"
      }
    },
    "root": {
      "inputs": {
        "nixpkgs": "nixpkgs"
      }
    }
  },
  "root": "root",
  "version": 7
}
