{
  "nodes": {
    "nixpkgs": {
      "locked": {
        "lastModified": 1609779634,
        "narHash": "sha256-LYNAH7Pv9IyoIs7di0rg6vnSC+VxhXhX94LXq04hsOE=",
        "owner": "NixOS",
        "repo": "nixpkgs",
        "rev": "1a57d96edd156958b12782e8c8b6a374142a7248",
        "type": "github"
      },
      "original": {
        "owner": "NixOS",
        "ref": "nixos-unstable",
        "repo": "nixpkgs",
        "type": "github"
      }
    },
    "root": {
      "inputs": {
        "nixpkgs": "nixpkgs"
      }
    }
  },
  "root": "root",
  "version": 7
}
